
Microsoft Visual Studio Solution File, Format Version 12.00
# Visual Studio 14
VisualStudioVersion = 14.0.25420.1
MinimumVisualStudioVersion = 10.0.40219.1
Project("{FAE04EC0-301F-11D3-BF4B-00C04F79EFBC}") = "Application", "Application\Application.csproj", "{C988C73B-B87C-41BD-9A2A-AA28AC8DFE0D}"
EndProject
Project("{FAE04EC0-301F-11D3-BF4B-00C04F79EFBC}") = "Presentation", "Presentation\Presentation.csproj", "{DF24DAE9-4A1C-4DB4-92FA-B8A7D3682990}"
EndProject
Project("{FAE04EC0-301F-11D3-BF4B-00C04F79EFBC}") = "Tests", "Tests\Tests.csproj", "{41A14F69-F386-4F88-8016-01ECF0C3DF0A}"
EndProject
Global
	GlobalSection(SolutionConfigurationPlatforms) = preSolution
		Debug|Any CPU = Debug|Any CPU
		Release|Any CPU = Release|Any CPU
	EndGlobalSection
	GlobalSection(ProjectConfigurationPlatforms) = postSolution
		{C988C73B-B87C-41BD-9A2A-AA28AC8DFE0D}.Debug|Any CPU.ActiveCfg = Debug|Any CPU
		{C988C73B-B87C-41BD-9A2A-AA28AC8DFE0D}.Debug|Any CPU.Build.0 = Debug|Any CPU
		{C988C73B-B87C-41BD-9A2A-AA28AC8DFE0D}.Release|Any CPU.ActiveCfg = Release|Any CPU
		{C988C73B-B87C-41BD-9A2A-AA28AC8DFE0D}.Release|Any CPU.Build.0 = Release|Any CPU
		{DF24DAE9-4A1C-4DB4-92FA-B8A7D3682990}.Debug|Any CPU.ActiveCfg = Debug|Any CPU
		{DF24DAE9-4A1C-4DB4-92FA-B8A7D3682990}.Debug|Any CPU.Build.0 = Debug|Any CPU
		{DF24DAE9-4A1C-4DB4-92FA-B8A7D3682990}.Release|Any CPU.ActiveCfg = Release|Any CPU
		{DF24DAE9-4A1C-4DB4-92FA-B8A7D3682990}.Release|Any CPU.Build.0 = Release|Any CPU
		{41A14F69-F386-4F88-8016-01ECF0C3DF0A}.Debug|Any CPU.ActiveCfg = Debug|Any CPU
		{41A14F69-F386-4F88-8016-01ECF0C3DF0A}.Debug|Any CPU.Build.0 = Debug|Any CPU
		{41A14F69-F386-4F88-8016-01ECF0C3DF0A}.Release|Any CPU.ActiveCfg = Release|Any CPU
		{41A14F69-F386-4F88-8016-01ECF0C3DF0A}.Release|Any CPU.Build.0 = Release|Any CPU
	EndGlobalSection
	GlobalSection(SolutionProperties) = preSolution
		HideSolutionNode = FALSE
	EndGlobalSection
EndGlobal
